
Microsoft Visual Studio Solution File, Format Version 12.00
# Visual Studio 2013
VisualStudioVersion = 12.0.31101.0
MinimumVisualStudioVersion = 10.0.40219.1
Project("{FAE04EC0-301F-11D3-BF4B-00C04F79EFBC}") = "MvcApplication29", "MvcApplication29\MvcApplication29.csproj", "{BE9CC5F8-2AB2-4F8C-93EC-64284B65C885}"
EndProject
Project("{FAE04EC0-301F-11D3-BF4B-00C04F79EFBC}") = "ImageShare.Data", "ImageShare.Data\ImageShare.Data.csproj", "{15E01E56-9BB9-473D-A8EE-D188876EF0BF}"
EndProject
Global
	GlobalSection(SolutionConfigurationPlatforms) = preSolution
		Debug|Any CPU = Debug|Any CPU
		Release|Any CPU = Release|Any CPU
	EndGlobalSection
	GlobalSection(ProjectConfigurationPlatforms) = postSolution
		{BE9CC5F8-2AB2-4F8C-93EC-64284B65C885}.Debug|Any CPU.ActiveCfg = Debug|Any CPU
		{BE9CC5F8-2AB2-4F8C-93EC-64284B65C885}.Debug|Any CPU.Build.0 = Debug|Any CPU
		{BE9CC5F8-2AB2-4F8C-93EC-64284B65C885}.Release|Any CPU.ActiveCfg = Release|Any CPU
		{BE9CC5F8-2AB2-4F8C-93EC-64284B65C885}.Release|Any CPU.Build.0 = Release|Any CPU
		{15E01E56-9BB9-473D-A8EE-D188876EF0BF}.Debug|Any CPU.ActiveCfg = Debug|Any CPU
		{15E01E56-9BB9-473D-A8EE-D188876EF0BF}.Debug|Any CPU.Build.0 = Debug|Any CPU
		{15E01E56-9BB9-473D-A8EE-D188876EF0BF}.Release|Any CPU.ActiveCfg = Release|Any CPU
		{15E01E56-9BB9-473D-A8EE-D188876EF0BF}.Release|Any CPU.Build.0 = Release|Any CPU
	EndGlobalSection
	GlobalSection(SolutionProperties) = preSolution
		HideSolutionNode = FALSE
	EndGlobalSection
EndGlobal
